# This file is automatically @generated by Cargo.
# It is not intended for manual editing.
version = 3

[[package]]
name = "llm-core"
version = "0.1.0"

[[package]]
name = "llm-ollama"
version = "0.1.0"

[[package]]
name = "llm-api"
version = "0.1.0"

[[package]]
name = "llm-cli"
version = "0.1.0"

[[package]]
name = "llm-workflow"
version = "0.1.0"